
Microsoft Visual Studio Solution File, Format Version 12.00
# Visual Studio Version 17
VisualStudioVersion = 17.2.32516.85
MinimumVisualStudioVersion = 10.0.40219.1
Project("{FAE04EC0-301F-11D3-BF4B-00C04F79EFBC}") = "AA2024109", "AA2024109\AA2024109.csproj", "{2962F8AE-89D8-45EA-B24B-ADEFC6A941AA}"
EndProject
Global
	GlobalSection(SolutionConfigurationPlatforms) = preSolution
		Debug|Any CPU = Debug|Any CPU
		Release|Any CPU = Release|Any CPU
	EndGlobalSection
	GlobalSection(ProjectConfigurationPlatforms) = postSolution
		{2962F8AE-89D8-45EA-B24B-ADEFC6A941AA}.Debug|Any CPU.ActiveCfg = Debug|Any CPU
		{2962F8AE-89D8-45EA-B24B-ADEFC6A941AA}.Debug|Any CPU.Build.0 = Debug|Any CPU
		{2962F8AE-89D8-45EA-B24B-ADEFC6A941AA}.Release|Any CPU.ActiveCfg = Release|Any CPU
		{2962F8AE-89D8-45EA-B24B-ADEFC6A941AA}.Release|Any CPU.Build.0 = Release|Any CPU
	EndGlobalSection
	GlobalSection(SolutionProperties) = preSolution
		HideSolutionNode = FALSE
	EndGlobalSection
	GlobalSection(ExtensibilityGlobals) = postSolution
		SolutionGuid = {AEE32A75-4498-4E04-9408-E446CF09A748}
	EndGlobalSection
EndGlobal
